Microsoft Visual Studio Solution File, Format Version 12.00
# Visual Studio Version 17
VisualStudioVersion = 17.5.2.0
MinimumVisualStudioVersion = 10.0.40219.1
Project("{FAE04EC0-301F-11D3-BF4B-00C04F79EFBC}") = "teoria3", "teoria3.csproj", "{59D1B1F2-165D-D8C7-622F-450F05F0A87B}"
EndProject
Global
	GlobalSection(SolutionConfigurationPlatforms) = preSolution
		Debug|Any CPU = Debug|Any CPU
		Release|Any CPU = Release|Any CPU
	EndGlobalSection
	GlobalSection(ProjectConfigurationPlatforms) = postSolution
		{59D1B1F2-165D-D8C7-622F-450F05F0A87B}.Debug|Any CPU.ActiveCfg = Debug|Any CPU
		{59D1B1F2-165D-D8C7-622F-450F05F0A87B}.Debug|Any CPU.Build.0 = Debug|Any CPU
		{59D1B1F2-165D-D8C7-622F-450F05F0A87B}.Release|Any CPU.ActiveCfg = Release|Any CPU
		{59D1B1F2-165D-D8C7-622F-450F05F0A87B}.Release|Any CPU.Build.0 = Release|Any CPU
	EndGlobalSection
	GlobalSection(SolutionProperties) = preSolution
		HideSolutionNode = FALSE
	EndGlobalSection
	GlobalSection(ExtensibilityGlobals) = postSolution
		SolutionGuid = {C43F5A8A-17AD-4AE0-85B3-271CCEA278D0}
	EndGlobalSection
EndGlobal
